
Microsoft Visual Studio Solution File, Format Version 12.00
# Visual Studio Version 17
VisualStudioVersion = 17.7.34024.191
MinimumVisualStudioVersion = 10.0.40219.1
Project("{8BC9CEB8-8B4A-11D0-8D11-00A0C91BC942}") = "testServo", "testServo\testServo.vcxproj", "{1F0899FE-9D7C-4A30-A730-99B33B6767F2}"
EndProject
Global
	GlobalSection(SolutionConfigurationPlatforms) = preSolution
		Debug|ARM = Debug|ARM
		Debug|ARM64 = Debug|ARM64
		Debug|x64 = Debug|x64
		Debug|x86 = Debug|x86
		Release|ARM = Release|ARM
		Release|ARM64 = Release|ARM64
		Release|x64 = Release|x64
		Release|x86 = Release|x86
	EndGlobalSection
	GlobalSection(ProjectConfigurationPlatforms) = postSolution
		{1F0899FE-9D7C-4A30-A730-99B33B6767F2}.Debug|ARM.ActiveCfg = Debug|ARM
		{1F0899FE-9D7C-4A30-A730-99B33B6767F2}.Debug|ARM.Build.0 = Debug|ARM
		{1F0899FE-9D7C-4A30-A730-99B33B6767F2}.Debug|ARM.Deploy.0 = Debug|ARM
		{1F0899FE-9D7C-4A30-A730-99B33B6767F2}.Debug|ARM64.ActiveCfg = Debug|ARM64
		{1F0899FE-9D7C-4A30-A730-99B33B6767F2}.Debug|ARM64.Build.0 = Debug|ARM64
		{1F0899FE-9D7C-4A30-A730-99B33B6767F2}.Debug|ARM64.Deploy.0 = Debug|ARM64
		{1F0899FE-9D7C-4A30-A730-99B33B6767F2}.Debug|x64.ActiveCfg = Debug|x64
		{1F0899FE-9D7C-4A30-A730-99B33B6767F2}.Debug|x64.Build.0 = Debug|x64
		{1F0899FE-9D7C-4A30-A730-99B33B6767F2}.Debug|x64.Deploy.0 = Debug|x64
		{1F0899FE-9D7C-4A30-A730-99B33B6767F2}.Debug|x86.ActiveCfg = Debug|x86
		{1F0899FE-9D7C-4A30-A730-99B33B6767F2}.Debug|x86.Build.0 = Debug|x86
		{1F0899FE-9D7C-4A30-A730-99B33B6767F2}.Debug|x86.Deploy.0 = Debug|x86
		{1F0899FE-9D7C-4A30-A730-99B33B6767F2}.Release|ARM.ActiveCfg = Release|ARM
		{1F0899FE-9D7C-4A30-A730-99B33B6767F2}.Release|ARM.Build.0 = Release|ARM
		{1F0899FE-9D7C-4A30-A730-99B33B6767F2}.Release|ARM.Deploy.0 = Release|ARM
		{1F0899FE-9D7C-4A30-A730-99B33B6767F2}.Release|ARM64.ActiveCfg = Release|ARM64
		{1F0899FE-9D7C-4A30-A730-99B33B6767F2}.Release|ARM64.Build.0 = Release|ARM64
		{1F0899FE-9D7C-4A30-A730-99B33B6767F2}.Release|ARM64.Deploy.0 = Release|ARM64
		{1F0899FE-9D7C-4A30-A730-99B33B6767F2}.Release|x64.ActiveCfg = Release|x64
		{1F0899FE-9D7C-4A30-A730-99B33B6767F2}.Release|x64.Build.0 = Release|x64
		{1F0899FE-9D7C-4A30-A730-99B33B6767F2}.Release|x64.Deploy.0 = Release|x64
		{1F0899FE-9D7C-4A30-A730-99B33B6767F2}.Release|x86.ActiveCfg = Release|x86
		{1F0899FE-9D7C-4A30-A730-99B33B6767F2}.Release|x86.Build.0 = Release|x86
		{1F0899FE-9D7C-4A30-A730-99B33B6767F2}.Release|x86.Deploy.0 = Release|x86
	EndGlobalSection
	GlobalSection(SolutionProperties) = preSolution
		HideSolutionNode = FALSE
	EndGlobalSection
	GlobalSection(ExtensibilityGlobals) = postSolution
		SolutionGuid = {2EF11EA4-D2D4-4441-9B9C-9A68A1825896}
	EndGlobalSection
EndGlobal
